
Microsoft Visual Studio Solution File, Format Version 12.00
# Visual Studio Version 17
VisualStudioVersion = 17.4.33205.214
MinimumVisualStudioVersion = 10.0.40219.1
Project("{FAE04EC0-301F-11D3-BF4B-00C04F79EFBC}") = "astronomer's handbook", "astronomer's handbook\astronomer's handbook.csproj", "{5DBADB5E-7420-4080-B72E-C61C46BA1549}"
EndProject
Global
	GlobalSection(SolutionConfigurationPlatforms) = preSolution
		Debug|Any CPU = Debug|Any CPU
		Release|Any CPU = Release|Any CPU
	EndGlobalSection
	GlobalSection(ProjectConfigurationPlatforms) = postSolution
		{5DBADB5E-7420-4080-B72E-C61C46BA1549}.Debug|Any CPU.ActiveCfg = Debug|Any CPU
		{5DBADB5E-7420-4080-B72E-C61C46BA1549}.Debug|Any CPU.Build.0 = Debug|Any CPU
		{5DBADB5E-7420-4080-B72E-C61C46BA1549}.Release|Any CPU.ActiveCfg = Release|Any CPU
		{5DBADB5E-7420-4080-B72E-C61C46BA1549}.Release|Any CPU.Build.0 = Release|Any CPU
	EndGlobalSection
	GlobalSection(SolutionProperties) = preSolution
		HideSolutionNode = FALSE
	EndGlobalSection
	GlobalSection(ExtensibilityGlobals) = postSolution
		SolutionGuid = {30F85808-8FBC-4474-92E9-0A0CFD6D1EAC}
	EndGlobalSection
EndGlobal
